
Microsoft Visual Studio Solution File, Format Version 12.00
# Visual Studio Version 17
VisualStudioVersion = 17.14.36221.1
MinimumVisualStudioVersion = 10.0.40219.1
Project("{FAE04EC0-301F-11D3-BF4B-00C04F79EFBC}") = "Revitron", "Revitron.csproj", "{12084F94-11E3-4FDE-A068-EF2BD3544A71}"
EndProject
Global
	GlobalSection(SolutionConfigurationPlatforms) = preSolution
		Debug|Any CPU = Debug|Any CPU
		Debug|x64 = Debug|x64
		Release|Any CPU = Release|Any CPU
		Release|x64 = Release|x64
	EndGlobalSection
	GlobalSection(ProjectConfigurationPlatforms) = postSolution
		{12084F94-11E3-4FDE-A068-EF2BD3544A71}.Debug|Any CPU.ActiveCfg = Debug|Any CPU
		{12084F94-11E3-4FDE-A068-EF2BD3544A71}.Debug|Any CPU.Build.0 = Debug|Any CPU
		{12084F94-11E3-4FDE-A068-EF2BD3544A71}.Debug|x64.ActiveCfg = Debug|x64
		{12084F94-11E3-4FDE-A068-EF2BD3544A71}.Debug|x64.Build.0 = Debug|x64
		{12084F94-11E3-4FDE-A068-EF2BD3544A71}.Release|Any CPU.ActiveCfg = Release|Any CPU
		{12084F94-11E3-4FDE-A068-EF2BD3544A71}.Release|Any CPU.Build.0 = Release|Any CPU
		{12084F94-11E3-4FDE-A068-EF2BD3544A71}.Release|x64.ActiveCfg = Release|x64
		{12084F94-11E3-4FDE-A068-EF2BD3544A71}.Release|x64.Build.0 = Release|x64
	EndGlobalSection
	GlobalSection(SolutionProperties) = preSolution
		HideSolutionNode = FALSE
	EndGlobalSection
	GlobalSection(ExtensibilityGlobals) = postSolution
		SolutionGuid = {CF6C34CB-566B-4828-BC69-C2FE7CF38CD0}
	EndGlobalSection
EndGlobal
